
Microsoft Visual Studio Solution File, Format Version 12.00
# Visual Studio Version 16
VisualStudioVersion = 16.0.30517.126
MinimumVisualStudioVersion = 10.0.40219.1
Project("{9A19103F-16F7-4668-BE54-9A1E7A4F7556}") = "Helpwiz.FastCsvReader", "Helpwiz.FastCsvReader\Helpwiz.FastCsvReader.csproj", "{F987E424-DA77-4FC2-A995-399038E3ECE2}"
EndProject
Project("{FAE04EC0-301F-11D3-BF4B-00C04F79EFBC}") = "Helpwiz.FastCsvReader.Tests", "Helpwiz.FastCsvReader.Tests\Helpwiz.FastCsvReader.Tests.csproj", "{51E53A67-9051-44A5-9727-F2F189CF66D5}"
EndProject
Global
	GlobalSection(SolutionConfigurationPlatforms) = preSolution
		Debug|Any CPU = Debug|Any CPU
		Release|Any CPU = Release|Any CPU
	EndGlobalSection
	GlobalSection(ProjectConfigurationPlatforms) = postSolution
		{F987E424-DA77-4FC2-A995-399038E3ECE2}.Debug|Any CPU.ActiveCfg = Debug|Any CPU
		{F987E424-DA77-4FC2-A995-399038E3ECE2}.Debug|Any CPU.Build.0 = Debug|Any CPU
		{F987E424-DA77-4FC2-A995-399038E3ECE2}.Release|Any CPU.ActiveCfg = Release|Any CPU
		{F987E424-DA77-4FC2-A995-399038E3ECE2}.Release|Any CPU.Build.0 = Release|Any CPU
		{51E53A67-9051-44A5-9727-F2F189CF66D5}.Debug|Any CPU.ActiveCfg = Debug|Any CPU
		{51E53A67-9051-44A5-9727-F2F189CF66D5}.Debug|Any CPU.Build.0 = Debug|Any CPU
		{51E53A67-9051-44A5-9727-F2F189CF66D5}.Release|Any CPU.ActiveCfg = Release|Any CPU
		{51E53A67-9051-44A5-9727-F2F189CF66D5}.Release|Any CPU.Build.0 = Release|Any CPU
	EndGlobalSection
	GlobalSection(SolutionProperties) = preSolution
		HideSolutionNode = FALSE
	EndGlobalSection
	GlobalSection(ExtensibilityGlobals) = postSolution
		SolutionGuid = {39375C70-22DC-4B36-ADDE-A9F6FDC13F7F}
	EndGlobalSection
EndGlobal
